// !$*UTF8*$!
{
	archiveVersion = 1;
	classes = {
	};
	objectVersion = 50;
	objects = {

/* Begin PBXBuildFile section */
		2448F3DF2FEE0A2594A8B5D1 /* Pods_Lawyer_App.framework in Frameworks */ = {isa = PBXBuildFile; fileRef = 620EA1627D5165BD8853A2B9 /* Pods_Lawyer_App.framework */; };
		85A7451323918AC800BCE149 /* SignUp.swift in Sources */ = {isa = PBXBuildFile; fileRef = 85A7451123918AC800BCE149 /* SignUp.swift */; };
		85A7451423918AC800BCE149 /* Login.swift in Sources */ = {isa = PBXBuildFile; fileRef = 85A7451223918AC800BCE149 /* Login.swift */; };
		8F094EB9239487D800491F57 /* dropDownBtn.swift in Sources */ = {isa = PBXBuildFile; fileRef = 8F094EB8239487D800491F57 /* dropDownBtn.swift */; };
		8F094EBB2394883E00491F57 /* dropDownView.swift in Sources */ = {isa = PBXBuildFile; fileRef = 8F094EBA2394883E00491F57 /* dropDownView.swift */; };
		8F094EBD23949A8E00491F57 /* iOSDropDown.framework in Frameworks */ = {isa = PBXBuildFile; fileRef = 8F094EBC23949A8E00491F57 /* iOSDropDown.framework */; };
		8F0F623723956C3300301725 /* AffaireDetailsViewController.swift in Sources */ = {isa = PBXBuildFile; fileRef = 8F0F623623956C3300301725 /* AffaireDetailsViewController.swift */; };
		8F0F62392395D72800301725 /* SessionViewController.swift in Sources */ = {isa = PBXBuildFile; fileRef = 8F0F62382395D72800301725 /* SessionViewController.swift */; };
		8F0F623B2395E83500301725 /* SessionsListViewController.swift in Sources */ = {isa = PBXBuildFile; fileRef = 8F0F623A2395E83500301725 /* SessionsListViewController.swift */; };
		8F3305672391DBBC001A0DAD /* BaseTabBarController.swift in Sources */ = {isa = PBXBuildFile; fileRef = 8F3305662391DBBC001A0DAD /* BaseTabBarController.swift */; };
		8F3305692391EA66001A0DAD /* ShadowView.swift in Sources */ = {isa = PBXBuildFile; fileRef = 8F3305682391EA66001A0DAD /* ShadowView.swift */; };
		8F33056B2391ED5D001A0DAD /* AffairesListViewController.swift in Sources */ = {isa = PBXBuildFile; fileRef = 8F33056A2391ED5D001A0DAD /* AffairesListViewController.swift */; };
		8F33056C2391F282001A0DAD /* Questv1-Bold.otf in Resources */ = {isa = PBXBuildFile; fileRef = 8F33056423919864001A0DAD /* Questv1-Bold.otf */; };
		8F33056D2391F286001A0DAD /* Samim-Bold.ttf in Resources */ = {isa = PBXBuildFile; fileRef = 85A7450F23918A4700BCE149 /* Samim-Bold.ttf */; };
		8F33056E2391F28B001A0DAD /* samim.ttf in Resources */ = {isa = PBXBuildFile; fileRef = 85A7451523918AFE00BCE149 /* samim.ttf */; };
		8F33057023942AEA001A0DAD /* AffaireAddViewController.swift in Sources */ = {isa = PBXBuildFile; fileRef = 8F33056F23942AEA001A0DAD /* AffaireAddViewController.swift */; };
		8F98800C23901CDB00A44379 /* AppDelegate.swift in Sources */ = {isa = PBXBuildFile; fileRef = 8F98800B23901CDB00A44379 /* AppDelegate.swift */; };
		8F98800E23901CDB00A44379 /* SceneDelegate.swift in Sources */ = {isa = PBXBuildFile; fileRef = 8F98800D23901CDB00A44379 /* SceneDelegate.swift */; };
		8F98801023901CDB00A44379 /* ViewController.swift in Sources */ = {isa = PBXBuildFile; fileRef = 8F98800F23901CDB00A44379 /* ViewController.swift */; };
		8F98801323901CDC00A44379 /* Main.storyboard in Resources */ = {isa = PBXBuildFile; fileRef = 8F98801123901CDC00A44379 /* Main.storyboard */; };
		8F98801623901CDC00A44379 /* Lawyer_App.xcdatamodeld in Sources */ = {isa = PBXBuildFile; fileRef = 8F98801423901CDC00A44379 /* Lawyer_App.xcdatamodeld */; };
		8F98801823901CE900A44379 /* Assets.xcassets in Resources */ = {isa = PBXBuildFile; fileRef = 8F98801723901CE900A44379 /* Assets.xcassets */; };
		8F98801B23901CE900A44379 /* LaunchScreen.storyboard in Resources */ = {isa = PBXBuildFile; fileRef = 8F98801923901CE900A44379 /* LaunchScreen.storyboard */; };
		8F988023239021D200A44379 /* OnBoarding.storyboard in Resources */ = {isa = PBXBuildFile; fileRef = 8F988022239021D200A44379 /* OnBoarding.storyboard */; };
		8F98802D23902C2300A44379 /* OnBoardingViewController.swift in Sources */ = {isa = PBXBuildFile; fileRef = 8F98802C23902C2300A44379 /* OnBoardingViewController.swift */; };
		8F98802F23902F9100A44379 /* Slide.xib in Resources */ = {isa = PBXBuildFile; fileRef = 8F98802E23902F9100A44379 /* Slide.xib */; };
		8F9880312390330400A44379 /* Slide.swift in Sources */ = {isa = PBXBuildFile; fileRef = 8F9880302390330400A44379 /* Slide.swift */; };
/* End PBXBuildFile section */

/* Begin PBXFileReference section */
		28B534695AD7B99AFC3950FB /* Pods-Lawyer_App.debug.xcconfig */ = {isa = PBXFileReference; includeInIndex = 1; lastKnownFileType = text.xcconfig; name = "Pods-Lawyer_App.debug.xcconfig"; path = "Pods/Target Support Files/Pods-Lawyer_App/Pods-Lawyer_App.debug.xcconfig"; sourceTree = "<group>"; };
		620EA1627D5165BD8853A2B9 /* Pods_Lawyer_App.framework */ = {isa = PBXFileReference; explicitFileType = wrapper.framework; includeInIndex = 0; path = Pods_Lawyer_App.framework; sourceTree = BUILT_PRODUCTS_DIR; };
		85A7450F23918A4700BCE149 /* Samim-Bold.ttf */ = {isa = PBXFileReference; lastKnownFileType = file; path = "Samim-Bold.ttf"; sourceTree = "<group>"; };
		85A7451123918AC800BCE149 /* SignUp.swift */ = {isa = PBXFileReference; fileEncoding = 4; lastKnownFileType = sourcecode.swift; path = SignUp.swift; sourceTree = "<group>"; };
		85A7451223918AC800BCE149 /* Login.swift */ = {isa = PBXFileReference; fileEncoding = 4; lastKnownFileType = sourcecode.swift; path = Login.swift; sourceTree = "<group>"; };
		85A7451523918AFE00BCE149 /* samim.ttf */ = {isa = PBXFileReference; lastKnownFileType = file; path = samim.ttf; sourceTree = "<group>"; };
		8F094EB8239487D800491F57 /* dropDownBtn.swift */ = {isa = PBXFileReference; lastKnownFileType = sourcecode.swift; path = dropDownBtn.swift; sourceTree = "<group>"; };
		8F094EBA2394883E00491F57 /* dropDownView.swift */ = {isa = PBXFileReference; lastKnownFileType = sourcecode.swift; path = dropDownView.swift; sourceTree = "<group>"; };
		8F094EBC23949A8E00491F57 /* iOSDropDown.framework */ = {isa = PBXFileReference; explicitFileType = wrapper.framework; path = iOSDropDown.framework; sourceTree = BUILT_PRODUCTS_DIR; };
		8F0F623623956C3300301725 /* AffaireDetailsViewController.swift */ = {isa = PBXFileReference; lastKnownFileType = sourcecode.swift; path = AffaireDetailsViewController.swift; sourceTree = "<group>"; };
		8F0F62382395D72800301725 /* SessionViewController.swift */ = {isa = PBXFileReference; lastKnownFileType = sourcecode.swift; path = SessionViewController.swift; sourceTree = "<group>"; };
		8F0F623A2395E83500301725 /* SessionsListViewController.swift */ = {isa = PBXFileReference; lastKnownFileType = sourcecode.swift; path = SessionsListViewController.swift; sourceTree = "<group>"; };
		8F33056423919864001A0DAD /* Questv1-Bold.otf */ = {isa = PBXFileReference; lastKnownFileType = file; path = "Questv1-Bold.otf"; sourceTree = "<group>"; };
		8F3305662391DBBC001A0DAD /* BaseTabBarController.swift */ = {isa = PBXFileReference; lastKnownFileType = sourcecode.swift; path = BaseTabBarController.swift; sourceTree = "<group>"; };
		8F3305682391EA66001A0DAD /* ShadowView.swift */ = {isa = PBXFileReference; lastKnownFileType = sourcecode.swift; path = ShadowView.swift; sourceTree = "<group>"; };
		8F33056A2391ED5D001A0DAD /* AffairesListViewController.swift */ = {isa = PBXFileReference; lastKnownFileType = sourcecode.swift; path = AffairesListViewController.swift; sourceTree = "<group>"; };
		8F33056F23942AEA001A0DAD /* AffaireAddViewController.swift */ = {isa = PBXFileReference; lastKnownFileType = sourcecode.swift; path = AffaireAddViewController.swift; sourceTree = "<group>"; };
		8F98800823901CDA00A44379 /* Lawyer_App.app */ = {isa = PBXFileReference; explicitFileType = wrapper.application; includeInIndex = 0; path = Lawyer_App.app; sourceTree = BUILT_PRODUCTS_DIR; };
		8F98800B23901CDB00A44379 /* AppDelegate.swift */ = {isa = PBXFileReference; lastKnownFileType = sourcecode.swift; path = AppDelegate.swift; sourceTree = "<group>"; };
		8F98800D23901CDB00A44379 /* SceneDelegate.swift */ = {isa = PBXFileReference; lastKnownFileType = sourcecode.swift; path = SceneDelegate.swift; sourceTree = "<group>"; };
		8F98800F23901CDB00A44379 /* ViewController.swift */ = {isa = PBXFileReference; lastKnownFileType = sourcecode.swift; path = ViewController.swift; sourceTree = "<group>"; };
		8F98801223901CDC00A44379 /* Base */ = {isa = PBXFileReference; lastKnownFileType = file.storyboard; name = Base; path = Base.lproj/Main.storyboard; sourceTree = "<group>"; };
		8F98801523901CDC00A44379 /* Lawyer_App.xcdatamodel */ = {isa = PBXFileReference; lastKnownFileType = wrapper.xcdatamodel; path = Lawyer_App.xcdatamodel; sourceTree = "<group>"; };
		8F98801723901CE900A44379 /* Assets.xcassets */ = {isa = PBXFileReference; lastKnownFileType = folder.assetcatalog; path = Assets.xcassets; sourceTree = "<group>"; };
		8F98801A23901CE900A44379 /* Base */ = {isa = PBXFileReference; lastKnownFileType = file.storyboard; name = Base; path = Base.lproj/LaunchScreen.storyboard; sourceTree = "<group>"; };
		8F98801C23901CE900A44379 /* Info.plist */ = {isa = PBXFileReference; lastKnownFileType = text.plist.xml; path = Info.plist; sourceTree = "<group>"; };
		8F988022239021D200A44379 /* OnBoarding.storyboard */ = {isa = PBXFileReference; lastKnownFileType = file.storyboard; path = OnBoarding.storyboard; sourceTree = "<group>"; };
		8F98802C23902C2300A44379 /* OnBoardingViewController.swift */ = {isa = PBXFileReference; lastKnownFileType = sourcecode.swift; path = OnBoardingViewController.swift; sourceTree = "<group>"; };
		8F98802E23902F9100A44379 /* Slide.xib */ = {isa = PBXFileReference; lastKnownFileType = file.xib; path = Slide.xib; sourceTree = "<group>"; };
		8F9880302390330400A44379 /* Slide.swift */ = {isa = PBXFileReference; lastKnownFileType = sourcecode.swift; path = Slide.swift; sourceTree = "<group>"; };
		94369205D7F64445187074F2 /* Pods-Lawyer_App.release.xcconfig */ = {isa = PBXFileReference; includeInIndex = 1; lastKnownFileType = text.xcconfig; name = "Pods-Lawyer_App.release.xcconfig"; path = "Pods/Target Support Files/Pods-Lawyer_App/Pods-Lawyer_App.release.xcconfig"; sourceTree = "<group>"; };
/* End PBXFileReference section */

/* Begin PBXFrameworksBuildPhase section */
		8F98800523901CD900A44379 /* Frameworks */ = {
			isa = PBXFrameworksBuildPhase;
			buildActionMask = 2147483647;
			files = (
				8F094EBD23949A8E00491F57 /* iOSDropDown.framework in Frameworks */,
				2448F3DF2FEE0A2594A8B5D1 /* Pods_Lawyer_App.framework in Frameworks */,
			);
			runOnlyForDeploymentPostprocessing = 0;
		};
/* End PBXFrameworksBuildPhase section */

/* Begin PBXGroup section */
		4656C91DEA9ADC577F3F08C1 /* Pods */ = {
			isa = PBXGroup;
			children = (
				28B534695AD7B99AFC3950FB /* Pods-Lawyer_App.debug.xcconfig */,
				94369205D7F64445187074F2 /* Pods-Lawyer_App.release.xcconfig */,
			);
			name = Pods;
			sourceTree = "<group>";
		};
		8F987FFF23901CD800A44379 = {
			isa = PBXGroup;
			children = (
				8F98800A23901CDA00A44379 /* Lawyer_App */,
				8F98800923901CDA00A44379 /* Products */,
				4656C91DEA9ADC577F3F08C1 /* Pods */,
				E49FDB16522CD1DBA0AE9F14 /* Frameworks */,
			);
			sourceTree = "<group>";
		};
		8F98800923901CDA00A44379 /* Products */ = {
			isa = PBXGroup;
			children = (
				8F98800823901CDA00A44379 /* Lawyer_App.app */,
			);
			name = Products;
			sourceTree = "<group>";
		};
		8F98800A23901CDA00A44379 /* Lawyer_App */ = {
			isa = PBXGroup;
			children = (
				8F98802B23902BF500A44379 /* Controllers */,
				8F98802923902BA400A44379 /* Views */,
				8F9880242390256000A44379 /* fonts */,
				8F98800B23901CDB00A44379 /* AppDelegate.swift */,
				8F98800D23901CDB00A44379 /* SceneDelegate.swift */,
				8F98800F23901CDB00A44379 /* ViewController.swift */,
				8F98801123901CDC00A44379 /* Main.storyboard */,
				8F98801723901CE900A44379 /* Assets.xcassets */,
				8F98801923901CE900A44379 /* LaunchScreen.storyboard */,
				8F98801C23901CE900A44379 /* Info.plist */,
				8F98801423901CDC00A44379 /* Lawyer_App.xcdatamodeld */,
			);
			path = Lawyer_App;
			sourceTree = "<group>";
		};
		8F9880242390256000A44379 /* fonts */ = {
			isa = PBXGroup;
			children = (
				8F33056423919864001A0DAD /* Questv1-Bold.otf */,
				85A7450F23918A4700BCE149 /* Samim-Bold.ttf */,
				85A7451523918AFE00BCE149 /* samim.ttf */,
			);
			path = fonts;
			sourceTree = "<group>";
		};
		8F98802923902BA400A44379 /* Views */ = {
			isa = PBXGroup;
			children = (
				8F98802A23902BDA00A44379 /* OnBoarding */,
			);
			path = Views;
			sourceTree = "<group>";
		};
		8F98802A23902BDA00A44379 /* OnBoarding */ = {
			isa = PBXGroup;
			children = (
				8F988022239021D200A44379 /* OnBoarding.storyboard */,
				8F98802E23902F9100A44379 /* Slide.xib */,
			);
			path = OnBoarding;
			sourceTree = "<group>";
		};
		8F98802B23902BF500A44379 /* Controllers */ = {
			isa = PBXGroup;
			children = (
				8F98802C23902C2300A44379 /* OnBoardingViewController.swift */,
				8F9880302390330400A44379 /* Slide.swift */,
				85A7451223918AC800BCE149 /* Login.swift */,
				85A7451123918AC800BCE149 /* SignUp.swift */,
				8F3305662391DBBC001A0DAD /* BaseTabBarController.swift */,
				8F3305682391EA66001A0DAD /* ShadowView.swift */,
				8F33056A2391ED5D001A0DAD /* AffairesListViewController.swift */,
				8F33056F23942AEA001A0DAD /* AffaireAddViewController.swift */,
				8F094EB8239487D800491F57 /* dropDownBtn.swift */,
				8F094EBA2394883E00491F57 /* dropDownView.swift */,
				8F0F623623956C3300301725 /* AffaireDetailsViewController.swift */,
				8F0F62382395D72800301725 /* SessionViewController.swift */,
				8F0F623A2395E83500301725 /* SessionsListViewController.swift */,
			);
			path = Controllers;
			sourceTree = "<group>";
		};
		E49FDB16522CD1DBA0AE9F14 /* Frameworks */ = {
			isa = PBXGroup;
			children = (
				8F094EBC23949A8E00491F57 /* iOSDropDown.framework */,
				620EA1627D5165BD8853A2B9 /* Pods_Lawyer_App.framework */,
			);
			name = Frameworks;
			sourceTree = "<group>";
		};
/* End PBXGroup section */

/* Begin PBXNativeTarget section */
		8F98800723901CD900A44379 /* Lawyer_App */ = {
			isa = PBXNativeTarget;
			buildConfigurationList = 8F98801F23901CE900A44379 /* Build configuration list for PBXNativeTarget "Lawyer_App" */;
			buildPhases = (
				C6EDF04CBCEBF583D84FBA8F /* [CP] Check Pods Manifest.lock */,
				8F98800423901CD900A44379 /* Sources */,
				8F98800523901CD900A44379 /* Frameworks */,
				8F98800623901CD900A44379 /* Resources */,
				8295F04ABAE23099929B0888 /* [CP] Embed Pods Frameworks */,
			);
			buildRules = (
			);
			dependencies = (
			);
			name = Lawyer_App;
			productName = Lawyer_App;
			productReference = 8F98800823901CDA00A44379 /* Lawyer_App.app */;
			productType = "com.apple.product-type.application";
		};
/* End PBXNativeTarget section */

/* Begin PBXProject section */
		8F98800023901CD800A44379 /* Project object */ = {
			isa = PBXProject;
			attributes = {
				LastSwiftUpdateCheck = 1120;
				LastUpgradeCheck = 1120;
				ORGANIZATIONNAME = "hamadi aziz";
				TargetAttributes = {
					8F98800723901CD900A44379 = {
						CreatedOnToolsVersion = 11.2.1;
						LastSwiftMigration = 1120;
					};
				};
			};
			buildConfigurationList = 8F98800323901CD800A44379 /* Build configuration list for PBXProject "Lawyer_App" */;
			compatibilityVersion = "Xcode 9.3";
			developmentRegion = en;
			hasScannedForEncodings = 0;
			knownRegions = (
				en,
				Base,
			);
			mainGroup = 8F987FFF23901CD800A44379;
			productRefGroup = 8F98800923901CDA00A44379 /* Products */;
			projectDirPath = "";
			projectRoot = "";
			targets = (
				8F98800723901CD900A44379 /* Lawyer_App */,
			);
		};
/* End PBXProject section */

/* Begin PBXResourcesBuildPhase section */
		8F98800623901CD900A44379 /* Resources */ = {
			isa = PBXResourcesBuildPhase;
			buildActionMask = 2147483647;
			files = (
				8F98801B23901CE900A44379 /* LaunchScreen.storyboard in Resources */,
				8F98802F23902F9100A44379 /* Slide.xib in Resources */,
				8F98801823901CE900A44379 /* Assets.xcassets in Resources */,
				8F98801323901CDC00A44379 /* Main.storyboard in Resources */,
				8F33056E2391F28B001A0DAD /* samim.ttf in Resources */,
				8F988023239021D200A44379 /* OnBoarding.storyboard in Resources */,
				8F33056C2391F282001A0DAD /* Questv1-Bold.otf in Resources */,
				8F33056D2391F286001A0DAD /* Samim-Bold.ttf in Resources */,
			);
			runOnlyForDeploymentPostprocessing = 0;
		};
/* End PBXResourcesBuildPhase section */

/* Begin PBXShellScriptBuildPhase section */
		8295F04ABAE23099929B0888 /* [CP] Embed Pods Frameworks */ = {
			isa = PBXShellScriptBuildPhase;
			buildActionMask = 2147483647;
			files = (
			);
			inputFileListPaths = (
			);
			inputPaths = (
				"${SRCROOT}/Pods/Target Support Files/Pods-Lawyer_App/Pods-Lawyer_App-frameworks.sh",
				"${BUILT_PRODUCTS_DIR}/iOSDropDown/iOSDropDown.framework",
			);
			name = "[CP] Embed Pods Frameworks";
			outputFileListPaths = (
			);
			outputPaths = (
				"${TARGET_BUILD_DIR}/${FRAMEWORKS_FOLDER_PATH}/iOSDropDown.framework",
			);
			runOnlyForDeploymentPostprocessing = 0;
			shellPath = /bin/sh;
			shellScript = "\"${SRCROOT}/Pods/Target Support Files/Pods-Lawyer_App/Pods-Lawyer_App-frameworks.sh\"\n";
			showEnvVarsInLog = 0;
		};
		C6EDF04CBCEBF583D84FBA8F /* [CP] Check Pods Manifest.lock */ = {
			isa = PBXShellScriptBuildPhase;
			buildActionMask = 2147483647;
			files = (
			);
			inputFileListPaths = (
			);
			inputPaths = (
				"${PODS_PODFILE_DIR_PATH}/Podfile.lock",
				"${PODS_ROOT}/Manifest.lock",
			);
			name = "[CP] Check Pods Manifest.lock";
			outputFileListPaths = (
			);
			outputPaths = (
				"$(DERIVED_FILE_DIR)/Pods-Lawyer_App-checkManifestLockResult.txt",
			);
			runOnlyForDeploymentPostprocessing = 0;
			shellPath = /bin/sh;
			shellScript = "diff \"${PODS_PODFILE_DIR_PATH}/Podfile.lock\" \"${PODS_ROOT}/Manifest.lock\" > /dev/null\nif [ $? != 0 ] ; then\n    # print error to STDERR\n    echo \"error: The sandbox is not in sync with the Podfile.lock. Run 'pod install' or update your CocoaPods installation.\" >&2\n    exit 1\nfi\n# This output is used by Xcode 'outputs' to avoid re-running this script phase.\necho \"SUCCESS\" > \"${SCRIPT_OUTPUT_FILE_0}\"\n";
			showEnvVarsInLog = 0;
		};
/* End PBXShellScriptBuildPhase section */

/* Begin PBXSourcesBuildPhase section */
		8F98800423901CD900A44379 /* Sources */ = {
			isa = PBXSourcesBuildPhase;
			buildActionMask = 2147483647;
			files = (
				8F33056B2391ED5D001A0DAD /* AffairesListViewController.swift in Sources */,
				85A7451323918AC800BCE149 /* SignUp.swift in Sources */,
				8F98801023901CDB00A44379 /* ViewController.swift in Sources */,
				8F3305672391DBBC001A0DAD /* BaseTabBarController.swift in Sources */,
				8F98800C23901CDB00A44379 /* AppDelegate.swift in Sources */,
				8F3305692391EA66001A0DAD /* ShadowView.swift in Sources */,
				8F98800E23901CDB00A44379 /* SceneDelegate.swift in Sources */,
				8F094EBB2394883E00491F57 /* dropDownView.swift in Sources */,
				8F0F623B2395E83500301725 /* SessionsListViewController.swift in Sources */,
				8F9880312390330400A44379 /* Slide.swift in Sources */,
				8F0F62392395D72800301725 /* SessionViewController.swift in Sources */,
				8F0F623723956C3300301725 /* AffaireDetailsViewController.swift in Sources */,
				8F98801623901CDC00A44379 /* Lawyer_App.xcdatamodeld in Sources */,
				8F98802D23902C2300A44379 /* OnBoardingViewController.swift in Sources */,
				85A7451423918AC800BCE149 /* Login.swift in Sources */,
				8F33057023942AEA001A0DAD /* AffaireAddViewController.swift in Sources */,
				8F094EB9239487D800491F57 /* dropDownBtn.swift in Sources */,
			);
			runOnlyForDeploymentPostprocessing = 0;
		};
/* End PBXSourcesBuildPhase section */

/* Begin PBXVariantGroup section */
		8F98801123901CDC00A44379 /* Main.storyboard */ = {
			isa = PBXVariantGroup;
			children = (
				8F98801223901CDC00A44379 /* Base */,
			);
			name = Main.storyboard;
			sourceTree = "<group>";
		};
		8F98801923901CE900A44379 /* LaunchScreen.storyboard */ = {
			isa = PBXVariantGroup;
			children = (
				8F98801A23901CE900A44379 /* Base */,
			);
			name = LaunchScreen.storyboard;
			sourceTree = "<group>";
		};
/* End PBXVariantGroup section */

/* Begin XCBuildConfiguration section */
		8F98801D23901CE900A44379 /* Debug */ = {
			isa = XCBuildConfiguration;
			buildSettings = {
				ALWAYS_SEARCH_USER_PATHS = NO;
				CLANG_ANALYZER_NONNULL = YES;
				CLANG_ANALYZER_NUMBER_OBJECT_CONVERSION = YES_AGGRESSIVE;
				CLANG_CXX_LANGUAGE_STANDARD = "gnu++14";
				CLANG_CXX_LIBRARY = "libc++";
				CLANG_ENABLE_MODULES = YES;
				CLANG_ENABLE_OBJC_ARC = YES;
				CLANG_ENABLE_OBJC_WEAK = YES;
				CLANG_WARN_BLOCK_CAPTURE_AUTORELEASING = YES;
				CLANG_WARN_BOOL_CONVERSION = YES;
				CLANG_WARN_COMMA = YES;
				CLANG_WARN_CONSTANT_CONVERSION = YES;
				CLANG_WARN_DEPRECATED_OBJC_IMPLEMENTATIONS = YES;
				CLANG_WARN_DIRECT_OBJC_ISA_USAGE = YES_ERROR;
				CLANG_WARN_DOCUMENTATION_COMMENTS = YES;
				CLANG_WARN_EMPTY_BODY = YES;
				CLANG_WARN_ENUM_CONVERSION = YES;
				CLANG_WARN_INFINITE_RECURSION = YES;
				CLANG_WARN_INT_CONVERSION = YES;
				CLANG_WARN_NON_LITERAL_NULL_CONVERSION = YES;
				CLANG_WARN_OBJC_IMPLICIT_RETAIN_SELF = YES;
				CLANG_WARN_OBJC_LITERAL_CONVERSION = YES;
				CLANG_WARN_OBJC_ROOT_CLASS = YES_ERROR;
				CLANG_WARN_RANGE_LOOP_ANALYSIS = YES;
				CLANG_WARN_STRICT_PROTOTYPES = YES;
				CLANG_WARN_SUSPICIOUS_MOVE = YES;
				CLANG_WARN_UNGUARDED_AVAILABILITY = YES_AGGRESSIVE;
				CLANG_WARN_UNREACHABLE_CODE = YES;
				CLANG_WARN__DUPLICATE_METHOD_MATCH = YES;
				COPY_PHASE_STRIP = NO;
				DEBUG_INFORMATION_FORMAT = dwarf;
				ENABLE_STRICT_OBJC_MSGSEND = YES;
				ENABLE_TESTABILITY = YES;
				GCC_C_LANGUAGE_STANDARD = gnu11;
				GCC_DYNAMIC_NO_PIC = NO;
				GCC_NO_COMMON_BLOCKS = YES;
				GCC_OPTIMIZATION_LEVEL = 0;
				GCC_PREPROCESSOR_DEFINITIONS = (
					"DEBUG=1",
					"$(inherited)",
				);
				GCC_WARN_64_TO_32_BIT_CONVERSION = YES;
				GCC_WARN_ABOUT_RETURN_TYPE = YES_ERROR;
				GCC_WARN_UNDECLARED_SELECTOR = YES;
				GCC_WARN_UNINITIALIZED_AUTOS = YES_AGGRESSIVE;
				GCC_WARN_UNUSED_FUNCTION = YES;
				GCC_WARN_UNUSED_VARIABLE = YES;
				IPHONEOS_DEPLOYMENT_TARGET = 13.2;
				MTL_ENABLE_DEBUG_INFO = INCLUDE_SOURCE;
				MTL_FAST_MATH = YES;
				ONLY_ACTIVE_ARCH = YES;
				SDKROOT = iphoneos;
				SWIFT_ACTIVE_COMPILATION_CONDITIONS = DEBUG;
				SWIFT_OPTIMIZATION_LEVEL = "-Onone";
			};
			name = Debug;
		};
		8F98801E23901CE900A44379 /* Release */ = {
			isa = XCBuildConfiguration;
			buildSettings = {
				ALWAYS_SEARCH_USER_PATHS = NO;
				CLANG_ANALYZER_NONNULL = YES;
				CLANG_ANALYZER_NUMBER_OBJECT_CONVERSION = YES_AGGRESSIVE;
				CLANG_CXX_LANGUAGE_STANDARD = "gnu++14";
				CLANG_CXX_LIBRARY = "libc++";
				CLANG_ENABLE_MODULES = YES;
				CLANG_ENABLE_OBJC_ARC = YES;
				CLANG_ENABLE_OBJC_WEAK = YES;
				CLANG_WARN_BLOCK_CAPTURE_AUTORELEASING = YES;
				CLANG_WARN_BOOL_CONVERSION = YES;
				CLANG_WARN_COMMA = YES;
				CLANG_WARN_CONSTANT_CONVERSION = YES;
				CLANG_WARN_DEPRECATED_OBJC_IMPLEMENTATIONS = YES;
				CLANG_WARN_DIRECT_OBJC_ISA_USAGE = YES_ERROR;
				CLANG_WARN_DOCUMENTATION_COMMENTS = YES;
				CLANG_WARN_EMPTY_BODY = YES;
				CLANG_WARN_ENUM_CONVERSION = YES;
				CLANG_WARN_INFINITE_RECURSION = YES;
				CLANG_WARN_INT_CONVERSION = YES;
				CLANG_WARN_NON_LITERAL_NULL_CONVERSION = YES;
				CLANG_WARN_OBJC_IMPLICIT_RETAIN_SELF = YES;
				CLANG_WARN_OBJC_LITERAL_CONVERSION = YES;
				CLANG_WARN_OBJC_ROOT_CLASS = YES_ERROR;
				CLANG_WARN_RANGE_LOOP_ANALYSIS = YES;
				CLANG_WARN_STRICT_PROTOTYPES = YES;
				CLANG_WARN_SUSPICIOUS_MOVE = YES;
				CLANG_WARN_UNGUARDED_AVAILABILITY = YES_AGGRESSIVE;
				CLANG_WARN_UNREACHABLE_CODE = YES;
				CLANG_WARN__DUPLICATE_METHOD_MATCH = YES;
				COPY_PHASE_STRIP = NO;
				DEBUG_INFORMATION_FORMAT = "dwarf-with-dsym";
				ENABLE_NS_ASSERTIONS = NO;
				ENABLE_STRICT_OBJC_MSGSEND = YES;
				GCC_C_LANGUAGE_STANDARD = gnu11;
				GCC_NO_COMMON_BLOCKS = YES;
				GCC_WARN_64_TO_32_BIT_CONVERSION = YES;
				GCC_WARN_ABOUT_RETURN_TYPE = YES_ERROR;
				GCC_WARN_UNDECLARED_SELECTOR = YES;
				GCC_WARN_UNINITIALIZED_AUTOS = YES_AGGRESSIVE;
				GCC_WARN_UNUSED_FUNCTION = YES;
				GCC_WARN_UNUSED_VARIABLE = YES;
				IPHONEOS_DEPLOYMENT_TARGET = 13.2;
				MTL_ENABLE_DEBUG_INFO = NO;
				MTL_FAST_MATH = YES;
				SDKROOT = iphoneos;
				SWIFT_COMPILATION_MODE = wholemodule;
				SWIFT_OPTIMIZATION_LEVEL = "-O";
				VALIDATE_PRODUCT = YES;
			};
			name = Release;
		};
		8F98802023901CE900A44379 /* Debug */ = {
			isa = XCBuildConfiguration;
			baseConfigurationReference = 28B534695AD7B99AFC3950FB /* Pods-Lawyer_App.debug.xcconfig */;
			buildSettings = {
				ASSETCATALOG_COMPILER_APPICON_NAME = AppIcon;
				CODE_SIGN_STYLE = Automatic;
				INFOPLIST_FILE = Lawyer_App/Info.plist;
				LD_RUNPATH_SEARCH_PATHS = (
					"$(inherited)",
					"@executable_path/Frameworks",
				);
				PRODUCT_BUNDLE_IDENTIFIER = "test.Lawyer-App";
				PRODUCT_NAME = "$(TARGET_NAME)";
				SWIFT_VERSION = 4.0;
				TARGETED_DEVICE_FAMILY = "1,2";
			};
			name = Debug;
		};
		8F98802123901CE900A44379 /* Release */ = {
			isa = XCBuildConfiguration;
			baseConfigurationReference = 94369205D7F64445187074F2 /* Pods-Lawyer_App.release.xcconfig */;
			buildSettings = {
				ASSETCATALOG_COMPILER_APPICON_NAME = AppIcon;
				CODE_SIGN_STYLE = Automatic;
				INFOPLIST_FILE = Lawyer_App/Info.plist;
				LD_RUNPATH_SEARCH_PATHS = (
					"$(inherited)",
					"@executable_path/Frameworks",
				);
				PRODUCT_BUNDLE_IDENTIFIER = "test.Lawyer-App";
				PRODUCT_NAME = "$(TARGET_NAME)";
				SWIFT_VERSION = 4.0;
				TARGETED_DEVICE_FAMILY = "1,2";
			};
			name = Release;
		};
/* End XCBuildConfiguration section */

/* Begin XCConfigurationList section */
		8F98800323901CD800A44379 /* Build configuration list for PBXProject "Lawyer_App" */ = {
			isa = XCConfigurationList;
			buildConfigurations = (
				8F98801D23901CE900A44379 /* Debug */,
				8F98801E23901CE900A44379 /* Release */,
			);
			defaultConfigurationIsVisible = 0;
			defaultConfigurationName = Release;
		};
		8F98801F23901CE900A44379 /* Build configuration list for PBXNativeTarget "Lawyer_App" */ = {
			isa = XCConfigurationList;
			buildConfigurations = (
				8F98802023901CE900A44379 /* Debug */,
				8F98802123901CE900A44379 /* Release */,
			);
			defaultConfigurationIsVisible = 0;
			defaultConfigurationName = Release;
		};
/* End XCConfigurationList section */

/* Begin XCVersionGroup section */
		8F98801423901CDC00A44379 /* Lawyer_App.xcdatamodeld */ = {
			isa = XCVersionGroup;
			children = (
				8F98801523901CDC00A44379 /* Lawyer_App.xcdatamodel */,
			);
			currentVersion = 8F98801523901CDC00A44379 /* Lawyer_App.xcdatamodel */;
			path = Lawyer_App.xcdatamodeld;
			sourceTree = "<group>";
			versionGroupType = wrapper.xcdatamodel;
		};
/* End XCVersionGroup section */
	};
	rootObject = 8F98800023901CD800A44379 /* Project object */;
}
